// !$*UTF8*$!
{
	archiveVersion = 1;
	classes = {
	};
	objectVersion = 46;
	objects = {

/* Begin PBXBuildFile section */
		891F4B2D19F125F30039FFDB /* AppDelegate.swift in Sources */ = {isa = PBXBuildFile; fileRef = 891F4B2C19F125F30039FFDB /* AppDelegate.swift */; };
		891F4B2F19F125F30039FFDB /* ViewController.swift in Sources */ = {isa = PBXBuildFile; fileRef = 891F4B2E19F125F30039FFDB /* ViewController.swift */; };
		891F4B3219F125F30039FFDB /* Main.storyboard in Resources */ = {isa = PBXBuildFile; fileRef = 891F4B3019F125F30039FFDB /* Main.storyboard */; };
		891F4B3419F125F30039FFDB /* Images.xcassets in Resources */ = {isa = PBXBuildFile; fileRef = 891F4B3319F125F30039FFDB /* Images.xcassets */; };
		891F4B3719F125F30039FFDB /* LaunchScreen.xib in Resources */ = {isa = PBXBuildFile; fileRef = 891F4B3519F125F30039FFDB /* LaunchScreen.xib */; };
		891F4B4319F125F30039FFDB /* FortunaTests.swift in Sources */ = {isa = PBXBuildFile; fileRef = 891F4B4219F125F30039FFDB /* FortunaTests.swift */; };
		89BB9E6419F17833005D5CC4 /* negativeQuotes.json in Resources */ = {isa = PBXBuildFile; fileRef = 89BB9E6219F17833005D5CC4 /* negativeQuotes.json */; };
		89BB9E6519F17833005D5CC4 /* positiveQuotes.json in Resources */ = {isa = PBXBuildFile; fileRef = 89BB9E6319F17833005D5CC4 /* positiveQuotes.json */; };
/* End PBXBuildFile section */

/* Begin PBXContainerItemProxy section */
		891F4B3D19F125F30039FFDB /* PBXContainerItemProxy */ = {
			isa = PBXContainerItemProxy;
			containerPortal = 891F4B1F19F125F30039FFDB /* Project object */;
			proxyType = 1;
			remoteGlobalIDString = 891F4B2619F125F30039FFDB;
			remoteInfo = Fortuna;
		};
/* End PBXContainerItemProxy section */

/* Begin PBXFileReference section */
		891F4B2719F125F30039FFDB /* Fortuna.app */ = {isa = PBXFileReference; explicitFileType = wrapper.application; includeInIndex = 0; path = Fortuna.app; sourceTree = BUILT_PRODUCTS_DIR; };
		891F4B2B19F125F30039FFDB /* Info.plist */ = {isa = PBXFileReference; lastKnownFileType = text.plist.xml; path = Info.plist; sourceTree = "<group>"; };
		891F4B2C19F125F30039FFDB /* AppDelegate.swift */ = {isa = PBXFileReference; lastKnownFileType = sourcecode.swift; path = AppDelegate.swift; sourceTree = "<group>"; };
		891F4B2E19F125F30039FFDB /* ViewController.swift */ = {isa = PBXFileReference; lastKnownFileType = sourcecode.swift; path = ViewController.swift; sourceTree = "<group>"; };
		891F4B3119F125F30039FFDB /* Base */ = {isa = PBXFileReference; lastKnownFileType = file.storyboard; name = Base; path = Base.lproj/Main.storyboard; sourceTree = "<group>"; };
		891F4B3319F125F30039FFDB /* Images.xcassets */ = {isa = PBXFileReference; lastKnownFileType = folder.assetcatalog; path = Images.xcassets; sourceTree = "<group>"; };
		891F4B3619F125F30039FFDB /* Base */ = {isa = PBXFileReference; lastKnownFileType = file.xib; name = Base; path = Base.lproj/LaunchScreen.xib; sourceTree = "<group>"; };
		891F4B3C19F125F30039FFDB /* FortunaTests.xctest */ = {isa = PBXFileReference; explicitFileType = wrapper.cfbundle; includeInIndex = 0; path = FortunaTests.xctest; sourceTree = BUILT_PRODUCTS_DIR; };
		891F4B4119F125F30039FFDB /* Info.plist */ = {isa = PBXFileReference; lastKnownFileType = text.plist.xml; path = Info.plist; sourceTree = "<group>"; };
		891F4B4219F125F30039FFDB /* FortunaTests.swift */ = {isa = PBXFileReference; lastKnownFileType = sourcecode.swift; path = FortunaTests.swift; sourceTree = "<group>"; };
		89BB9E6219F17833005D5CC4 /* negativeQuotes.json */ = {isa = PBXFileReference; fileEncoding = 4; lastKnownFileType = text.json; path = negativeQuotes.json; sourceTree = "<group>"; };
		89BB9E6319F17833005D5CC4 /* positiveQuotes.json */ = {isa = PBXFileReference; fileEncoding = 4; lastKnownFileType = text.json; path = positiveQuotes.json; sourceTree = "<group>"; };
/* End PBXFileReference section */

/* Begin PBXFrameworksBuildPhase section */
		891F4B2419F125F30039FFDB /* Frameworks */ = {
			isa = PBXFrameworksBuildPhase;
			buildActionMask = 2147483647;
			files = (
			);
			runOnlyForDeploymentPostprocessing = 0;
		};
		891F4B3919F125F30039FFDB /* Frameworks */ = {
			isa = PBXFrameworksBuildPhase;
			buildActionMask = 2147483647;
			files = (
			);
			runOnlyForDeploymentPostprocessing = 0;
		};
/* End PBXFrameworksBuildPhase section */

/* Begin PBXGroup section */
		891F4B1E19F125F30039FFDB = {
			isa = PBXGroup;
			children = (
				891F4B2919F125F30039FFDB /* Fortuna */,
				891F4B3F19F125F30039FFDB /* FortunaTests */,
				891F4B2819F125F30039FFDB /* Products */,
			);
			sourceTree = "<group>";
		};
		891F4B2819F125F30039FFDB /* Products */ = {
			isa = PBXGroup;
			children = (
				891F4B2719F125F30039FFDB /* Fortuna.app */,
				891F4B3C19F125F30039FFDB /* FortunaTests.xctest */,
			);
			name = Products;
			sourceTree = "<group>";
		};
		891F4B2919F125F30039FFDB /* Fortuna */ = {
			isa = PBXGroup;
			children = (
				891F4B2C19F125F30039FFDB /* AppDelegate.swift */,
				891F4B2E19F125F30039FFDB /* ViewController.swift */,
				891F4B3019F125F30039FFDB /* Main.storyboard */,
				891F4B3319F125F30039FFDB /* Images.xcassets */,
				891F4B3519F125F30039FFDB /* LaunchScreen.xib */,
				891F4B2A19F125F30039FFDB /* Supporting Files */,
			);
			path = Fortuna;
			sourceTree = "<group>";
		};
		891F4B2A19F125F30039FFDB /* Supporting Files */ = {
			isa = PBXGroup;
			children = (
				89BB9E6219F17833005D5CC4 /* negativeQuotes.json */,
				89BB9E6319F17833005D5CC4 /* positiveQuotes.json */,
				891F4B2B19F125F30039FFDB /* Info.plist */,
			);
			name = "Supporting Files";
			sourceTree = "<group>";
		};
		891F4B3F19F125F30039FFDB /* FortunaTests */ = {
			isa = PBXGroup;
			children = (
				891F4B4219F125F30039FFDB /* FortunaTests.swift */,
				891F4B4019F125F30039FFDB /* Supporting Files */,
			);
			path = FortunaTests;
			sourceTree = "<group>";
		};
		891F4B4019F125F30039FFDB /* Supporting Files */ = {
			isa = PBXGroup;
			children = (
				891F4B4119F125F30039FFDB /* Info.plist */,
			);
			name = "Supporting Files";
			sourceTree = "<group>";
		};
/* End PBXGroup section */

/* Begin PBXNativeTarget section */
		891F4B2619F125F30039FFDB /* Fortuna */ = {
			isa = PBXNativeTarget;
			buildConfigurationList = 891F4B4619F125F30039FFDB /* Build configuration list for PBXNativeTarget "Fortuna" */;
			buildPhases = (
				891F4B2319F125F30039FFDB /* Sources */,
				891F4B2419F125F30039FFDB /* Frameworks */,
				891F4B2519F125F30039FFDB /* Resources */,
			);
			buildRules = (
			);
			dependencies = (
			);
			name = Fortuna;
			productName = Fortuna;
			productReference = 891F4B2719F125F30039FFDB /* Fortuna.app */;
			productType = "com.apple.product-type.application";
		};
		891F4B3B19F125F30039FFDB /* FortunaTests */ = {
			isa = PBXNativeTarget;
			buildConfigurationList = 891F4B4919F125F30039FFDB /* Build configuration list for PBXNativeTarget "FortunaTests" */;
			buildPhases = (
				891F4B3819F125F30039FFDB /* Sources */,
				891F4B3919F125F30039FFDB /* Frameworks */,
				891F4B3A19F125F30039FFDB /* Resources */,
			);
			buildRules = (
			);
			dependencies = (
				891F4B3E19F125F30039FFDB /* PBXTargetDependency */,
			);
			name = FortunaTests;
			productName = FortunaTests;
			productReference = 891F4B3C19F125F30039FFDB /* FortunaTests.xctest */;
			productType = "com.apple.product-type.bundle.unit-test";
		};
/* End PBXNativeTarget section */

/* Begin PBXProject section */
		891F4B1F19F125F30039FFDB /* Project object */ = {
			isa = PBXProject;
			attributes = {
				LastUpgradeCheck = 0610;
				ORGANIZATIONNAME = Delbert;
				TargetAttributes = {
					891F4B2619F125F30039FFDB = {
						CreatedOnToolsVersion = 6.1;
					};
					891F4B3B19F125F30039FFDB = {
						CreatedOnToolsVersion = 6.1;
						TestTargetID = 891F4B2619F125F30039FFDB;
					};
				};
			};
			buildConfigurationList = 891F4B2219F125F30039FFDB /* Build configuration list for PBXProject "Fortuna" */;
			compatibilityVersion = "Xcode 3.2";
			developmentRegion = English;
			hasScannedForEncodings = 0;
			knownRegions = (
				en,
				Base,
			);
			mainGroup = 891F4B1E19F125F30039FFDB;
			productRefGroup = 891F4B2819F125F30039FFDB /* Products */;
			projectDirPath = "";
			projectRoot = "";
			targets = (
				891F4B2619F125F30039FFDB /* Fortuna */,
				891F4B3B19F125F30039FFDB /* FortunaTests */,
			);
		};
/* End PBXProject section */

/* Begin PBXResourcesBuildPhase section */
		891F4B2519F125F30039FFDB /* Resources */ = {
			isa = PBXResourcesBuildPhase;
			buildActionMask = 2147483647;
			files = (
				891F4B3219F125F30039FFDB /* Main.storyboard in Resources */,
				891F4B3719F125F30039FFDB /* LaunchScreen.xib in Resources */,
				89BB9E6519F17833005D5CC4 /* positiveQuotes.json in Resources */,
				891F4B3419F125F30039FFDB /* Images.xcassets in Resources */,
				89BB9E6419F17833005D5CC4 /* negativeQuotes.json in Resources */,
			);
			runOnlyForDeploymentPostprocessing = 0;
		};
		891F4B3A19F125F30039FFDB /* Resources */ = {
			isa = PBXResourcesBuildPhase;
			buildActionMask = 2147483647;
			files = (
			);
			runOnlyForDeploymentPostprocessing = 0;
		};
/* End PBXResourcesBuildPhase section */

/* Begin PBXSourcesBuildPhase section */
		891F4B2319F125F30039FFDB /* Sources */ = {
			isa = PBXSourcesBuildPhase;
			buildActionMask = 2147483647;
			files = (
				891F4B2F19F125F30039FFDB /* ViewController.swift in Sources */,
				891F4B2D19F125F30039FFDB /* AppDelegate.swift in Sources */,
			);
			runOnlyForDeploymentPostprocessing = 0;
		};
		891F4B3819F125F30039FFDB /* Sources */ = {
			isa = PBXSourcesBuildPhase;
			buildActionMask = 2147483647;
			files = (
				891F4B4319F125F30039FFDB /* FortunaTests.swift in Sources */,
			);
			runOnlyForDeploymentPostprocessing = 0;
		};
/* End PBXSourcesBuildPhase section */

/* Begin PBXTargetDependency section */
		891F4B3E19F125F30039FFDB /* PBXTargetDependency */ = {
			isa = PBXTargetDependency;
			target = 891F4B2619F125F30039FFDB /* Fortuna */;
			targetProxy = 891F4B3D19F125F30039FFDB /* PBXContainerItemProxy */;
		};
/* End PBXTargetDependency section */

/* Begin PBXVariantGroup section */
		891F4B3019F125F30039FFDB /* Main.storyboard */ = {
			isa = PBXVariantGroup;
			children = (
				891F4B3119F125F30039FFDB /* Base */,
			);
			name = Main.storyboard;
			sourceTree = "<group>";
		};
		891F4B3519F125F30039FFDB /* LaunchScreen.xib */ = {
			isa = PBXVariantGroup;
			children = (
				891F4B3619F125F30039FFDB /* Base */,
			);
			name = LaunchScreen.xib;
			sourceTree = "<group>";
		};
/* End PBXVariantGroup section */

/* Begin XCBuildConfiguration section */
		891F4B4419F125F30039FFDB /* Debug */ = {
			isa = XCBuildConfiguration;
			buildSettings = {
				ALWAYS_SEARCH_USER_PATHS = NO;
				CLANG_CXX_LANGUAGE_STANDARD = "gnu++0x";
				CLANG_CXX_LIBRARY = "libc++";
				CLANG_ENABLE_MODULES = YES;
				CLANG_ENABLE_OBJC_ARC = YES;
				CLANG_WARN_BOOL_CONVERSION = YES;
				CLANG_WARN_CONSTANT_CONVERSION = YES;
				CLANG_WARN_DIRECT_OBJC_ISA_USAGE = YES_ERROR;
				CLANG_WARN_EMPTY_BODY = YES;
				CLANG_WARN_ENUM_CONVERSION = YES;
				CLANG_WARN_INT_CONVERSION = YES;
				CLANG_WARN_OBJC_ROOT_CLASS = YES_ERROR;
				CLANG_WARN_UNREACHABLE_CODE = YES;
				CLANG_WARN__DUPLICATE_METHOD_MATCH = YES;
				"CODE_SIGN_IDENTITY[sdk=iphoneos*]" = "iPhone Developer";
				COPY_PHASE_STRIP = NO;
				ENABLE_STRICT_OBJC_MSGSEND = YES;
				GCC_C_LANGUAGE_STANDARD = gnu99;
				GCC_DYNAMIC_NO_PIC = NO;
				GCC_OPTIMIZATION_LEVEL = 0;
				GCC_PREPROCESSOR_DEFINITIONS = (
					"DEBUG=1",
					"$(inherited)",
				);
				GCC_SYMBOLS_PRIVATE_EXTERN = NO;
				GCC_WARN_64_TO_32_BIT_CONVERSION = YES;
				GCC_WARN_ABOUT_RETURN_TYPE = YES_ERROR;
				GCC_WARN_UNDECLARED_SELECTOR = YES;
				GCC_WARN_UNINITIALIZED_AUTOS = YES_AGGRESSIVE;
				GCC_WARN_UNUSED_FUNCTION = YES;
				GCC_WARN_UNUSED_VARIABLE = YES;
				IPHONEOS_DEPLOYMENT_TARGET = 8.1;
				MTL_ENABLE_DEBUG_INFO = YES;
				ONLY_ACTIVE_ARCH = YES;
				SDKROOT = iphoneos;
				SWIFT_OPTIMIZATION_LEVEL = "-Onone";
			};
			name = Debug;
		};
		891F4B4519F125F30039FFDB /* Release */ = {
			isa = XCBuildConfiguration;
			buildSettings = {
				ALWAYS_SEARCH_USER_PATHS = NO;
				CLANG_CXX_LANGUAGE_STANDARD = "gnu++0x";
				CLANG_CXX_LIBRARY = "libc++";
				CLANG_ENABLE_MODULES = YES;
				CLANG_ENABLE_OBJC_ARC = YES;
				CLANG_WARN_BOOL_CONVERSION = YES;
				CLANG_WARN_CONSTANT_CONVERSION = YES;
				CLANG_WARN_DIRECT_OBJC_ISA_USAGE = YES_ERROR;
				CLANG_WARN_EMPTY_BODY = YES;
				CLANG_WARN_ENUM_CONVERSION = YES;
				CLANG_WARN_INT_CONVERSION = YES;
				CLANG_WARN_OBJC_ROOT_CLASS = YES_ERROR;
				CLANG_WARN_UNREACHABLE_CODE = YES;
				CLANG_WARN__DUPLICATE_METHOD_MATCH = YES;
				"CODE_SIGN_IDENTITY[sdk=iphoneos*]" = "iPhone Developer";
				COPY_PHASE_STRIP = YES;
				ENABLE_NS_ASSERTIONS = NO;
				ENABLE_STRICT_OBJC_MSGSEND = YES;
				GCC_C_LANGUAGE_STANDARD = gnu99;
				GCC_WARN_64_TO_32_BIT_CONVERSION = YES;
				GCC_WARN_ABOUT_RETURN_TYPE = YES_ERROR;
				GCC_WARN_UNDECLARED_SELECTOR = YES;
				GCC_WARN_UNINITIALIZED_AUTOS = YES_AGGRESSIVE;
				GCC_WARN_UNUSED_FUNCTION = YES;
				GCC_WARN_UNUSED_VARIABLE = YES;
				IPHONEOS_DEPLOYMENT_TARGET = 8.1;
				MTL_ENABLE_DEBUG_INFO = NO;
				SDKROOT = iphoneos;
				VALIDATE_PRODUCT = YES;
			};
			name = Release;
		};
		891F4B4719F125F30039FFDB /* Debug */ = {
			isa = XCBuildConfiguration;
			buildSettings = {
				ASSETCATALOG_COMPILER_APPICON_NAME = AppIcon;
				INFOPLIST_FILE = Fortuna/Info.plist;
				LD_RUNPATH_SEARCH_PATHS = "$(inherited) @executable_path/Frameworks";
				PRODUCT_NAME = "$(TARGET_NAME)";
			};
			name = Debug;
		};
		891F4B4819F125F30039FFDB /* Release */ = {
			isa = XCBuildConfiguration;
			buildSettings = {
				ASSETCATALOG_COMPILER_APPICON_NAME = AppIcon;
				INFOPLIST_FILE = Fortuna/Info.plist;
				LD_RUNPATH_SEARCH_PATHS = "$(inherited) @executable_path/Frameworks";
				PRODUCT_NAME = "$(TARGET_NAME)";
			};
			name = Release;
		};
		891F4B4A19F125F30039FFDB /* Debug */ = {
			isa = XCBuildConfiguration;
			buildSettings = {
				BUNDLE_LOADER = "$(TEST_HOST)";
				FRAMEWORK_SEARCH_PATHS = (
					"$(SDKROOT)/Developer/Library/Frameworks",
					"$(inherited)",
				);
				GCC_PREPROCESSOR_DEFINITIONS = (
					"DEBUG=1",
					"$(inherited)",
				);
				INFOPLIST_FILE = FortunaTests/Info.plist;
				LD_RUNPATH_SEARCH_PATHS = "$(inherited) @executable_path/Frameworks @loader_path/Frameworks";
				PRODUCT_NAME = "$(TARGET_NAME)";
				TEST_HOST = "$(BUILT_PRODUCTS_DIR)/Fortuna.app/Fortuna";
			};
			name = Debug;
		};
		891F4B4B19F125F30039FFDB /* Release */ = {
			isa = XCBuildConfiguration;
			buildSettings = {
				BUNDLE_LOADER = "$(TEST_HOST)";
				FRAMEWORK_SEARCH_PATHS = (
					"$(SDKROOT)/Developer/Library/Frameworks",
					"$(inherited)",
				);
				INFOPLIST_FILE = FortunaTests/Info.plist;
				LD_RUNPATH_SEARCH_PATHS = "$(inherited) @executable_path/Frameworks @loader_path/Frameworks";
				PRODUCT_NAME = "$(TARGET_NAME)";
				TEST_HOST = "$(BUILT_PRODUCTS_DIR)/Fortuna.app/Fortuna";
			};
			name = Release;
		};
/* End XCBuildConfiguration section */

/* Begin XCConfigurationList section */
		891F4B2219F125F30039FFDB /* Build configuration list for PBXProject "Fortuna" */ = {
			isa = XCConfigurationList;
			buildConfigurations = (
				891F4B4419F125F30039FFDB /* Debug */,
				891F4B4519F125F30039FFDB /* Release */,
			);
			defaultConfigurationIsVisible = 0;
			defaultConfigurationName = Release;
		};
		891F4B4619F125F30039FFDB /* Build configuration list for PBXNativeTarget "Fortuna" */ = {
			isa = XCConfigurationList;
			buildConfigurations = (
				891F4B4719F125F30039FFDB /* Debug */,
				891F4B4819F125F30039FFDB /* Release */,
			);
			defaultConfigurationIsVisible = 0;
			defaultConfigurationName = Release;
		};
		891F4B4919F125F30039FFDB /* Build configuration list for PBXNativeTarget "FortunaTests" */ = {
			isa = XCConfigurationList;
			buildConfigurations = (
				891F4B4A19F125F30039FFDB /* Debug */,
				891F4B4B19F125F30039FFDB /* Release */,
			);
			defaultConfigurationIsVisible = 0;
			defaultConfigurationName = Release;
		};
/* End XCConfigurationList section */
	};
	rootObject = 891F4B1F19F125F30039FFDB /* Project object */;
}
